// !$*UTF8*$!
{
	archiveVersion = 1;
	classes = {
	};
	objectVersion = 46;
	objects = {

/* Begin PBXBuildFile section */
		664F45041DB8A42C004203A8 /* main.m in Sources */ = {isa = PBXBuildFile; fileRef = 664F45031DB8A42C004203A8 /* main.m */; };
		664F45071DB8A42C004203A8 /* AppDelegate.m in Sources */ = {isa = PBXBuildFile; fileRef = 664F45061DB8A42C004203A8 /* AppDelegate.m */; };
		664F450A1DB8A42C004203A8 /* ViewController.m in Sources */ = {isa = PBXBuildFile; fileRef = 664F45091DB8A42C004203A8 /* ViewController.m */; };
		664F450D1DB8A42C004203A8 /* Main.storyboard in Resources */ = {isa = PBXBuildFile; fileRef = 664F450B1DB8A42C004203A8 /* Main.storyboard */; };
		664F450F1DB8A42C004203A8 /* Assets.xcassets in Resources */ = {isa = PBXBuildFile; fileRef = 664F450E1DB8A42C004203A8 /* Assets.xcassets */; };
		664F45121DB8A42C004203A8 /* LaunchScreen.storyboard in Resources */ = {isa = PBXBuildFile; fileRef = 664F45101DB8A42C004203A8 /* LaunchScreen.storyboard */; };
		664F451C1DB8A45A004203A8 /* FirstViewController.m in Sources */ = {isa = PBXBuildFile; fileRef = 664F451A1DB8A45A004203A8 /* FirstViewController.m */; };
		664F451D1DB8A45A004203A8 /* FirstViewController.xib in Resources */ = {isa = PBXBuildFile; fileRef = 664F451B1DB8A45A004203A8 /* FirstViewController.xib */; };
		664F45211DB8A469004203A8 /* SecondViewController.m in Sources */ = {isa = PBXBuildFile; fileRef = 664F451F1DB8A469004203A8 /* SecondViewController.m */; };
		664F45221DB8A469004203A8 /* SecondViewController.xib in Resources */ = {isa = PBXBuildFile; fileRef = 664F45201DB8A469004203A8 /* SecondViewController.xib */; };
/* End PBXBuildFile section */

/* Begin PBXFileReference section */
		664F44FF1DB8A42B004203A8 /* Container VC.app */ = {isa = PBXFileReference; explicitFileType = wrapper.application; includeInIndex = 0; path = "Container VC.app"; sourceTree = BUILT_PRODUCTS_DIR; };
		664F45031DB8A42C004203A8 /* main.m */ = {isa = PBXFileReference; lastKnownFileType = sourcecode.c.objc; path = main.m; sourceTree = "<group>"; };
		664F45051DB8A42C004203A8 /* AppDelegate.h */ = {isa = PBXFileReference; lastKnownFileType = sourcecode.c.h; path = AppDelegate.h; sourceTree = "<group>"; };
		664F45061DB8A42C004203A8 /* AppDelegate.m */ = {isa = PBXFileReference; lastKnownFileType = sourcecode.c.objc; path = AppDelegate.m; sourceTree = "<group>"; };
		664F45081DB8A42C004203A8 /* ViewController.h */ = {isa = PBXFileReference; lastKnownFileType = sourcecode.c.h; path = ViewController.h; sourceTree = "<group>"; };
		664F45091DB8A42C004203A8 /* ViewController.m */ = {isa = PBXFileReference; lastKnownFileType = sourcecode.c.objc; path = ViewController.m; sourceTree = "<group>"; };
		664F450C1DB8A42C004203A8 /* Base */ = {isa = PBXFileReference; lastKnownFileType = file.storyboard; name = Base; path = Base.lproj/Main.storyboard; sourceTree = "<group>"; };
		664F450E1DB8A42C004203A8 /* Assets.xcassets */ = {isa = PBXFileReference; lastKnownFileType = folder.assetcatalog; path = Assets.xcassets; sourceTree = "<group>"; };
		664F45111DB8A42C004203A8 /* Base */ = {isa = PBXFileReference; lastKnownFileType = file.storyboard; name = Base; path = Base.lproj/LaunchScreen.storyboard; sourceTree = "<group>"; };
		664F45131DB8A42C004203A8 /* Info.plist */ = {isa = PBXFileReference; lastKnownFileType = text.plist.xml; path = Info.plist; sourceTree = "<group>"; };
		664F45191DB8A45A004203A8 /* FirstViewController.h */ = {isa = PBXFileReference; fileEncoding = 4; lastKnownFileType = sourcecode.c.h; path = FirstViewController.h; sourceTree = "<group>"; };
		664F451A1DB8A45A004203A8 /* FirstViewController.m */ = {isa = PBXFileReference; fileEncoding = 4; lastKnownFileType = sourcecode.c.objc; path = FirstViewController.m; sourceTree = "<group>"; };
		664F451B1DB8A45A004203A8 /* FirstViewController.xib */ = {isa = PBXFileReference; fileEncoding = 4; lastKnownFileType = file.xib; path = FirstViewController.xib; sourceTree = "<group>"; };
		664F451E1DB8A469004203A8 /* SecondViewController.h */ = {isa = PBXFileReference; fileEncoding = 4; lastKnownFileType = sourcecode.c.h; path = SecondViewController.h; sourceTree = "<group>"; };
		664F451F1DB8A469004203A8 /* SecondViewController.m */ = {isa = PBXFileReference; fileEncoding = 4; lastKnownFileType = sourcecode.c.objc; path = SecondViewController.m; sourceTree = "<group>"; };
		664F45201DB8A469004203A8 /* SecondViewController.xib */ = {isa = PBXFileReference; fileEncoding = 4; lastKnownFileType = file.xib; path = SecondViewController.xib; sourceTree = "<group>"; };
/* End PBXFileReference section */

/* Begin PBXFrameworksBuildPhase section */
		664F44FC1DB8A42B004203A8 /* Frameworks */ = {
			isa = PBXFrameworksBuildPhase;
			buildActionMask = 2147483647;
			files = (
			);
			runOnlyForDeploymentPostprocessing = 0;
		};
/* End PBXFrameworksBuildPhase section */

/* Begin PBXGroup section */
		664F44F61DB8A42B004203A8 = {
			isa = PBXGroup;
			children = (
				664F45011DB8A42C004203A8 /* Container VC */,
				664F45001DB8A42B004203A8 /* Products */,
			);
			sourceTree = "<group>";
		};
		664F45001DB8A42B004203A8 /* Products */ = {
			isa = PBXGroup;
			children = (
				664F44FF1DB8A42B004203A8 /* Container VC.app */,
			);
			name = Products;
			sourceTree = "<group>";
		};
		664F45011DB8A42C004203A8 /* Container VC */ = {
			isa = PBXGroup;
			children = (
				664F45051DB8A42C004203A8 /* AppDelegate.h */,
				664F45061DB8A42C004203A8 /* AppDelegate.m */,
				664F45081DB8A42C004203A8 /* ViewController.h */,
				664F45091DB8A42C004203A8 /* ViewController.m */,
				664F45191DB8A45A004203A8 /* FirstViewController.h */,
				664F451A1DB8A45A004203A8 /* FirstViewController.m */,
				664F451B1DB8A45A004203A8 /* FirstViewController.xib */,
				664F451E1DB8A469004203A8 /* SecondViewController.h */,
				664F451F1DB8A469004203A8 /* SecondViewController.m */,
				664F45201DB8A469004203A8 /* SecondViewController.xib */,
				664F450B1DB8A42C004203A8 /* Main.storyboard */,
				664F450E1DB8A42C004203A8 /* Assets.xcassets */,
				664F45101DB8A42C004203A8 /* LaunchScreen.storyboard */,
				664F45131DB8A42C004203A8 /* Info.plist */,
				664F45021DB8A42C004203A8 /* Supporting Files */,
			);
			path = "Container VC";
			sourceTree = "<group>";
		};
		664F45021DB8A42C004203A8 /* Supporting Files */ = {
			isa = PBXGroup;
			children = (
				664F45031DB8A42C004203A8 /* main.m */,
			);
			name = "Supporting Files";
			sourceTree = "<group>";
		};
/* End PBXGroup section */

/* Begin PBXNativeTarget section */
		664F44FE1DB8A42B004203A8 /* Container VC */ = {
			isa = PBXNativeTarget;
			buildConfigurationList = 664F45161DB8A42C004203A8 /* Build configuration list for PBXNativeTarget "Container VC" */;
			buildPhases = (
				664F44FB1DB8A42B004203A8 /* Sources */,
				664F44FC1DB8A42B004203A8 /* Frameworks */,
				664F44FD1DB8A42B004203A8 /* Resources */,
			);
			buildRules = (
			);
			dependencies = (
			);
			name = "Container VC";
			productName = "Container VC";
			productReference = 664F44FF1DB8A42B004203A8 /* Container VC.app */;
			productType = "com.apple.product-type.application";
		};
/* End PBXNativeTarget section */

/* Begin PBXProject section */
		664F44F71DB8A42B004203A8 /* Project object */ = {
			isa = PBXProject;
			attributes = {
				LastUpgradeCheck = 0800;
				ORGANIZATIONNAME = HL;
				TargetAttributes = {
					664F44FE1DB8A42B004203A8 = {
						CreatedOnToolsVersion = 8.0;
						ProvisioningStyle = Automatic;
					};
				};
			};
			buildConfigurationList = 664F44FA1DB8A42B004203A8 /* Build configuration list for PBXProject "Container VC" */;
			compatibilityVersion = "Xcode 3.2";
			developmentRegion = English;
			hasScannedForEncodings = 0;
			knownRegions = (
				en,
				Base,
			);
			mainGroup = 664F44F61DB8A42B004203A8;
			productRefGroup = 664F45001DB8A42B004203A8 /* Products */;
			projectDirPath = "";
			projectRoot = "";
			targets = (
				664F44FE1DB8A42B004203A8 /* Container VC */,
			);
		};
/* End PBXProject section */

/* Begin PBXResourcesBuildPhase section */
		664F44FD1DB8A42B004203A8 /* Resources */ = {
			isa = PBXResourcesBuildPhase;
			buildActionMask = 2147483647;
			files = (
				664F45121DB8A42C004203A8 /* LaunchScreen.storyboard in Resources */,
				664F450F1DB8A42C004203A8 /* Assets.xcassets in Resources */,
				664F450D1DB8A42C004203A8 /* Main.storyboard in Resources */,
				664F451D1DB8A45A004203A8 /* FirstViewController.xib in Resources */,
				664F45221DB8A469004203A8 /* SecondViewController.xib in Resources */,
			);
			runOnlyForDeploymentPostprocessing = 0;
		};
/* End PBXResourcesBuildPhase section */

/* Begin PBXSourcesBuildPhase section */
		664F44FB1DB8A42B004203A8 /* Sources */ = {
			isa = PBXSourcesBuildPhase;
			buildActionMask = 2147483647;
			files = (
				664F45211DB8A469004203A8 /* SecondViewController.m in Sources */,
				664F450A1DB8A42C004203A8 /* ViewController.m in Sources */,
				664F45071DB8A42C004203A8 /* AppDelegate.m in Sources */,
				664F45041DB8A42C004203A8 /* main.m in Sources */,
				664F451C1DB8A45A004203A8 /* FirstViewController.m in Sources */,
			);
			runOnlyForDeploymentPostprocessing = 0;
		};
/* End PBXSourcesBuildPhase section */

/* Begin PBXVariantGroup section */
		664F450B1DB8A42C004203A8 /* Main.storyboard */ = {
			isa = PBXVariantGroup;
			children = (
				664F450C1DB8A42C004203A8 /* Base */,
			);
			name = Main.storyboard;
			sourceTree = "<group>";
		};
		664F45101DB8A42C004203A8 /* LaunchScreen.storyboard */ = {
			isa = PBXVariantGroup;
			children = (
				664F45111DB8A42C004203A8 /* Base */,
			);
			name = LaunchScreen.storyboard;
			sourceTree = "<group>";
		};
/* End PBXVariantGroup section */

/* Begin XCBuildConfiguration section */
		664F45141DB8A42C004203A8 /* Debug */ = {
			isa = XCBuildConfiguration;
			buildSettings = {
				ALWAYS_SEARCH_USER_PATHS = NO;
				CLANG_ANALYZER_NONNULL = YES;
				CLANG_CXX_LANGUAGE_STANDARD = "gnu++0x";
				CLANG_CXX_LIBRARY = "libc++";
				CLANG_ENABLE_MODULES = YES;
				CLANG_ENABLE_OBJC_ARC = YES;
				CLANG_WARN_BOOL_CONVERSION = YES;
				CLANG_WARN_CONSTANT_CONVERSION = YES;
				CLANG_WARN_DIRECT_OBJC_ISA_USAGE = YES_ERROR;
				CLANG_WARN_DOCUMENTATION_COMMENTS = YES;
				CLANG_WARN_EMPTY_BODY = YES;
				CLANG_WARN_ENUM_CONVERSION = YES;
				CLANG_WARN_INFINITE_RECURSION = YES;
				CLANG_WARN_INT_CONVERSION = YES;
				CLANG_WARN_OBJC_ROOT_CLASS = YES_ERROR;
				CLANG_WARN_SUSPICIOUS_MOVES = YES;
				CLANG_WARN_UNREACHABLE_CODE = YES;
				CLANG_WARN__DUPLICATE_METHOD_MATCH = YES;
				"CODE_SIGN_IDENTITY[sdk=iphoneos*]" = "iPhone Developer";
				COPY_PHASE_STRIP = NO;
				DEBUG_INFORMATION_FORMAT = dwarf;
				ENABLE_STRICT_OBJC_MSGSEND = YES;
				ENABLE_TESTABILITY = YES;
				GCC_C_LANGUAGE_STANDARD = gnu99;
				GCC_DYNAMIC_NO_PIC = NO;
				GCC_NO_COMMON_BLOCKS = YES;
				GCC_OPTIMIZATION_LEVEL = 0;
				GCC_PREPROCESSOR_DEFINITIONS = (
					"DEBUG=1",
					"$(inherited)",
				);
				GCC_WARN_64_TO_32_BIT_CONVERSION = YES;
				GCC_WARN_ABOUT_RETURN_TYPE = YES_ERROR;
				GCC_WARN_UNDECLARED_SELECTOR = YES;
				GCC_WARN_UNINITIALIZED_AUTOS = YES_AGGRESSIVE;
				GCC_WARN_UNUSED_FUNCTION = YES;
				GCC_WARN_UNUSED_VARIABLE = YES;
				IPHONEOS_DEPLOYMENT_TARGET = 10.0;
				MTL_ENABLE_DEBUG_INFO = YES;
				ONLY_ACTIVE_ARCH = YES;
				SDKROOT = iphoneos;
				TARGETED_DEVICE_FAMILY = "1,2";
			};
			name = Debug;
		};
		664F45151DB8A42C004203A8 /* Release */ = {
			isa = XCBuildConfiguration;
			buildSettings = {
				ALWAYS_SEARCH_USER_PATHS = NO;
				CLANG_ANALYZER_NONNULL = YES;
				CLANG_CXX_LANGUAGE_STANDARD = "gnu++0x";
				CLANG_CXX_LIBRARY = "libc++";
				CLANG_ENABLE_MODULES = YES;
				CLANG_ENABLE_OBJC_ARC = YES;
				CLANG_WARN_BOOL_CONVERSION = YES;
				CLANG_WARN_CONSTANT_CONVERSION = YES;
				CLANG_WARN_DIRECT_OBJC_ISA_USAGE = YES_ERROR;
				CLANG_WARN_DOCUMENTATION_COMMENTS = YES;
				CLANG_WARN_EMPTY_BODY = YES;
				CLANG_WARN_ENUM_CONVERSION = YES;
				CLANG_WARN_INFINITE_RECURSION = YES;
				CLANG_WARN_INT_CONVERSION = YES;
				CLANG_WARN_OBJC_ROOT_CLASS = YES_ERROR;
				CLANG_WARN_SUSPICIOUS_MOVES = YES;
				CLANG_WARN_UNREACHABLE_CODE = YES;
				CLANG_WARN__DUPLICATE_METHOD_MATCH = YES;
				"CODE_SIGN_IDENTITY[sdk=iphoneos*]" = "iPhone Developer";
				COPY_PHASE_STRIP = NO;
				DEBUG_INFORMATION_FORMAT = "dwarf-with-dsym";
				ENABLE_NS_ASSERTIONS = NO;
				ENABLE_STRICT_OBJC_MSGSEND = YES;
				GCC_C_LANGUAGE_STANDARD = gnu99;
				GCC_NO_COMMON_BLOCKS = YES;
				GCC_WARN_64_TO_32_BIT_CONVERSION = YES;
				GCC_WARN_ABOUT_RETURN_TYPE = YES_ERROR;
				GCC_WARN_UNDECLARED_SELECTOR = YES;
				GCC_WARN_UNINITIALIZED_AUTOS = YES_AGGRESSIVE;
				GCC_WARN_UNUSED_FUNCTION = YES;
				GCC_WARN_UNUSED_VARIABLE = YES;
				IPHONEOS_DEPLOYMENT_TARGET = 10.0;
				MTL_ENABLE_DEBUG_INFO = NO;
				SDKROOT = iphoneos;
				TARGETED_DEVICE_FAMILY = "1,2";
				VALIDATE_PRODUCT = YES;
			};
			name = Release;
		};
		664F45171DB8A42C004203A8 /* Debug */ = {
			isa = XCBuildConfiguration;
			buildSettings = {
				ASSETCATALOG_COMPILER_APPICON_NAME = AppIcon;
				INFOPLIST_FILE = "Container VC/Info.plist";
				LD_RUNPATH_SEARCH_PATHS = "$(inherited) @executable_path/Frameworks";
				PRODUCT_BUNDLE_IDENTIFIER = "com.hl.Container-VC";
				PRODUCT_NAME = "$(TARGET_NAME)";
			};
			name = Debug;
		};
		664F45181DB8A42C004203A8 /* Release */ = {
			isa = XCBuildConfiguration;
			buildSettings = {
				ASSETCATALOG_COMPILER_APPICON_NAME = AppIcon;
				INFOPLIST_FILE = "Container VC/Info.plist";
				LD_RUNPATH_SEARCH_PATHS = "$(inherited) @executable_path/Frameworks";
				PRODUCT_BUNDLE_IDENTIFIER = "com.hl.Container-VC";
				PRODUCT_NAME = "$(TARGET_NAME)";
			};
			name = Release;
		};
/* End XCBuildConfiguration section */

/* Begin XCConfigurationList section */
		664F44FA1DB8A42B004203A8 /* Build configuration list for PBXProject "Container VC" */ = {
			isa = XCConfigurationList;
			buildConfigurations = (
				664F45141DB8A42C004203A8 /* Debug */,
				664F45151DB8A42C004203A8 /* Release */,
			);
			defaultConfigurationIsVisible = 0;
			defaultConfigurationName = Release;
		};
		664F45161DB8A42C004203A8 /* Build configuration list for PBXNativeTarget "Container VC" */ = {
			isa = XCConfigurationList;
			buildConfigurations = (
				664F45171DB8A42C004203A8 /* Debug */,
				664F45181DB8A42C004203A8 /* Release */,
			);
			defaultConfigurationIsVisible = 0;
		};
/* End XCConfigurationList section */
	};
	rootObject = 664F44F71DB8A42B004203A8 /* Project object */;
}
